
Microsoft Visual Studio Solution File, Format Version 12.00
# Visual Studio Version 17
VisualStudioVersion = 17.0.31903.59
MinimumVisualStudioVersion = 10.0.40219.1
Project("{FAE04EC0-301F-11D3-BF4B-00C04F79EFBC}") = "InfraConsoleApp.Train", "InfraConsoleApp\InfraConsoleApp.Train.csproj", "{7F27D545-6F39-4D23-BDD6-5B7E633C1625}"
EndProject
Project("{9A19103F-16F7-4668-BE54-9A1E7A4F7556}") = "ImageClassifierInfrastructureMLModel_WebApi1", "ImageClassifierInfrastructureMLModel_WebApi1\ImageClassifierInfrastructureMLModel_WebApi1.csproj", "{A39C0C0D-A5AD-480D-8272-B105935CF681}"
EndProject
Project("{9A19103F-16F7-4668-BE54-9A1E7A4F7556}") = "ImageClassifierInfrastructureMLModel_ConsoleApp1", "ImageClassifierInfrastructureMLModel_ConsoleApp1\ImageClassifierInfrastructureMLModel_ConsoleApp1.csproj", "{2475CADF-D936-4C04-AF27-5A5CBC4DE2D3}"
EndProject
Project("{9A19103F-16F7-4668-BE54-9A1E7A4F7556}") = "ImageClassificationInfraClassify.MyWebApp", "WebApp.Predict\ImageClassificationInfraClassify.MyWebApp.csproj", "{C145CDE5-3455-4177-BA34-C9EC19C2F971}"
EndProject
Project("{9A19103F-16F7-4668-BE54-9A1E7A4F7556}") = "WebAPIClientConsoleApp", "WebAPIClientConsoleApp\WebAPIClientConsoleApp.csproj", "{250B6B2B-7018-4253-B2E3-88D993C52021}"
EndProject
Project("{9A19103F-16F7-4668-BE54-9A1E7A4F7556}") = "TestConsolApp", "TestConsolApp\TestConsolApp.csproj", "{192C15F2-6984-47FA-9FAD-2516298BA1EE}"
EndProject
Project("{2150E333-8FDC-42A3-9474-1A3956D46DE8}") = "Documentation", "Documentation", "{2E9FA8CE-5FF4-4C99-8C57-7B8AC997F1A3}"
	ProjectSection(SolutionItems) = preProject
		CHANGELOG.md = CHANGELOG.md
		README.md = README.md
		todo.txt = todo.txt
	EndProjectSection
EndProject
Project("{2150E333-8FDC-42A3-9474-1A3956D46DE8}") = "InfraClassify", "InfraClassify", "{53B7855F-7D34-4AAD-91AC-9F6E9AF94548}"
EndProject
Global
	GlobalSection(SolutionConfigurationPlatforms) = preSolution
		Debug|Any CPU = Debug|Any CPU
		Release|Any CPU = Release|Any CPU
	EndGlobalSection
	GlobalSection(ProjectConfigurationPlatforms) = postSolution
		{7F27D545-6F39-4D23-BDD6-5B7E633C1625}.Debug|Any CPU.ActiveCfg = Debug|Any CPU
		{7F27D545-6F39-4D23-BDD6-5B7E633C1625}.Debug|Any CPU.Build.0 = Debug|Any CPU
		{7F27D545-6F39-4D23-BDD6-5B7E633C1625}.Release|Any CPU.ActiveCfg = Release|Any CPU
		{A39C0C0D-A5AD-480D-8272-B105935CF681}.Debug|Any CPU.ActiveCfg = Debug|Any CPU
		{A39C0C0D-A5AD-480D-8272-B105935CF681}.Debug|Any CPU.Build.0 = Debug|Any CPU
		{A39C0C0D-A5AD-480D-8272-B105935CF681}.Release|Any CPU.ActiveCfg = Release|Any CPU
		{A39C0C0D-A5AD-480D-8272-B105935CF681}.Release|Any CPU.Build.0 = Release|Any CPU
		{2475CADF-D936-4C04-AF27-5A5CBC4DE2D3}.Debug|Any CPU.ActiveCfg = Debug|Any CPU
		{2475CADF-D936-4C04-AF27-5A5CBC4DE2D3}.Debug|Any CPU.Build.0 = Debug|Any CPU
		{2475CADF-D936-4C04-AF27-5A5CBC4DE2D3}.Release|Any CPU.ActiveCfg = Release|Any CPU
		{C145CDE5-3455-4177-BA34-C9EC19C2F971}.Debug|Any CPU.ActiveCfg = Debug|Any CPU
		{C145CDE5-3455-4177-BA34-C9EC19C2F971}.Debug|Any CPU.Build.0 = Debug|Any CPU
		{C145CDE5-3455-4177-BA34-C9EC19C2F971}.Release|Any CPU.ActiveCfg = Release|Any CPU
		{C145CDE5-3455-4177-BA34-C9EC19C2F971}.Release|Any CPU.Build.0 = Release|Any CPU
		{250B6B2B-7018-4253-B2E3-88D993C52021}.Debug|Any CPU.ActiveCfg = Debug|Any CPU
		{250B6B2B-7018-4253-B2E3-88D993C52021}.Debug|Any CPU.Build.0 = Debug|Any CPU
		{250B6B2B-7018-4253-B2E3-88D993C52021}.Release|Any CPU.ActiveCfg = Release|Any CPU
		{192C15F2-6984-47FA-9FAD-2516298BA1EE}.Debug|Any CPU.ActiveCfg = Debug|Any CPU
		{192C15F2-6984-47FA-9FAD-2516298BA1EE}.Debug|Any CPU.Build.0 = Debug|Any CPU
		{192C15F2-6984-47FA-9FAD-2516298BA1EE}.Release|Any CPU.ActiveCfg = Release|Any CPU
	EndGlobalSection
	GlobalSection(SolutionProperties) = preSolution
		HideSolutionNode = FALSE
	EndGlobalSection
	GlobalSection(NestedProjects) = preSolution
		{7F27D545-6F39-4D23-BDD6-5B7E633C1625} = {53B7855F-7D34-4AAD-91AC-9F6E9AF94548}
		{2475CADF-D936-4C04-AF27-5A5CBC4DE2D3} = {53B7855F-7D34-4AAD-91AC-9F6E9AF94548}
		{C145CDE5-3455-4177-BA34-C9EC19C2F971} = {53B7855F-7D34-4AAD-91AC-9F6E9AF94548}
		{250B6B2B-7018-4253-B2E3-88D993C52021} = {53B7855F-7D34-4AAD-91AC-9F6E9AF94548}
	EndGlobalSection
	GlobalSection(ExtensibilityGlobals) = postSolution
		SolutionGuid = {52AF3D76-506B-4790-8D2B-E1CFAC49FEF7}
	EndGlobalSection
EndGlobal
